
Microsoft Visual Studio Solution File, Format Version 12.00
# Visual Studio 15
Project("{FAE04EC0-301F-11D3-BF4B-00C04F79EFBC}") = "Assembly-CSharp", "Assembly-CSharp.csproj", "{CBAB611A-21A0-E1E1-6101-5696DB92FF7D}"
EndProject
Project("{FAE04EC0-301F-11D3-BF4B-00C04F79EFBC}") = "Assembly-CSharp-Editor", "Assembly-CSharp-Editor.csproj", "{C020903B-880D-7AF9-288A-3D382F53BB50}"
EndProject
Global
	GlobalSection(SolutionConfigurationPlatforms) = preSolution
		Debug|Any CPU = Debug|Any CPU
		Release|Any CPU = Release|Any CPU
	EndGlobalSection
	GlobalSection(ProjectConfigurationPlatforms) = postSolution
		{CBAB611A-21A0-E1E1-6101-5696DB92FF7D}.Debug|Any CPU.ActiveCfg = Debug|Any CPU
		{CBAB611A-21A0-E1E1-6101-5696DB92FF7D}.Debug|Any CPU.Build.0 = Debug|Any CPU
		{CBAB611A-21A0-E1E1-6101-5696DB92FF7D}.Release|Any CPU.ActiveCfg = Release|Any CPU
		{CBAB611A-21A0-E1E1-6101-5696DB92FF7D}.Release|Any CPU.Build.0 = Release|Any CPU
		{C020903B-880D-7AF9-288A-3D382F53BB50}.Debug|Any CPU.ActiveCfg = Debug|Any CPU
		{C020903B-880D-7AF9-288A-3D382F53BB50}.Debug|Any CPU.Build.0 = Debug|Any CPU
		{C020903B-880D-7AF9-288A-3D382F53BB50}.Release|Any CPU.ActiveCfg = Release|Any CPU
		{C020903B-880D-7AF9-288A-3D382F53BB50}.Release|Any CPU.Build.0 = Release|Any CPU
	EndGlobalSection
	GlobalSection(SolutionProperties) = preSolution
		HideSolutionNode = FALSE
	EndGlobalSection
EndGlobal
